
Microsoft Visual Studio Solution File, Format Version 12.00
# Visual Studio Version 17
VisualStudioVersion = 17.3.32922.545
MinimumVisualStudioVersion = 10.0.40219.1
Project("{FAE04EC0-301F-11D3-BF4B-00C04F79EFBC}") = "Griswold-A6-Movie-Library-Abstract-Classes", "Griswold-A6-Movie-Library-Abstract-Classes.csproj", "{F1EE98C0-BDF4-454B-8441-A900B6DDBB73}"
EndProject
Global
	GlobalSection(SolutionConfigurationPlatforms) = preSolution
		Debug|Any CPU = Debug|Any CPU
		Release|Any CPU = Release|Any CPU
	EndGlobalSection
	GlobalSection(ProjectConfigurationPlatforms) = postSolution
		{F1EE98C0-BDF4-454B-8441-A900B6DDBB73}.Debug|Any CPU.ActiveCfg = Debug|Any CPU
		{F1EE98C0-BDF4-454B-8441-A900B6DDBB73}.Debug|Any CPU.Build.0 = Debug|Any CPU
		{F1EE98C0-BDF4-454B-8441-A900B6DDBB73}.Release|Any CPU.ActiveCfg = Release|Any CPU
		{F1EE98C0-BDF4-454B-8441-A900B6DDBB73}.Release|Any CPU.Build.0 = Release|Any CPU
	EndGlobalSection
	GlobalSection(SolutionProperties) = preSolution
		HideSolutionNode = FALSE
	EndGlobalSection
	GlobalSection(ExtensibilityGlobals) = postSolution
		SolutionGuid = {C923BD73-964F-4FC0-AA78-196D07AE5834}
	EndGlobalSection
EndGlobal
